
Microsoft Visual Studio Solution File, Format Version 12.00
# Visual Studio Version 16
VisualStudioVersion = 16.0.34601.136
MinimumVisualStudioVersion = 10.0.40219.1
Project("{FAE04EC0-301F-11D3-BF4B-00C04F79EFBC}") = "Ejercicio1_TP3", "Ejercicio1_TP3\Ejercicio1_TP3.csproj", "{B4564DB8-265B-4A80-8921-F405FBD5325E}"
EndProject
Global
	GlobalSection(SolutionConfigurationPlatforms) = preSolution
		Debug|Any CPU = Debug|Any CPU
		Release|Any CPU = Release|Any CPU
	EndGlobalSection
	GlobalSection(ProjectConfigurationPlatforms) = postSolution
		{B4564DB8-265B-4A80-8921-F405FBD5325E}.Debug|Any CPU.ActiveCfg = Debug|Any CPU
		{B4564DB8-265B-4A80-8921-F405FBD5325E}.Debug|Any CPU.Build.0 = Debug|Any CPU
		{B4564DB8-265B-4A80-8921-F405FBD5325E}.Release|Any CPU.ActiveCfg = Release|Any CPU
		{B4564DB8-265B-4A80-8921-F405FBD5325E}.Release|Any CPU.Build.0 = Release|Any CPU
	EndGlobalSection
	GlobalSection(SolutionProperties) = preSolution
		HideSolutionNode = FALSE
	EndGlobalSection
	GlobalSection(ExtensibilityGlobals) = postSolution
		SolutionGuid = {452595E3-2A0F-42D9-BFD4-2DEBB81A4019}
	EndGlobalSection
EndGlobal
